
Microsoft Visual Studio Solution File, Format Version 12.00
# Visual Studio Version 17
VisualStudioVersion = 17.13.35806.99 d17.13
MinimumVisualStudioVersion = 10.0.40219.1
Project("{FAE04EC0-301F-11D3-BF4B-00C04F79EFBC}") = "SzachowaLogika", "SzachowaLogika\SzachowaLogika.csproj", "{0E87B744-1B74-417B-B396-87785B57D37B}"
EndProject
Project("{FAE04EC0-301F-11D3-BF4B-00C04F79EFBC}") = "szachyUI", "szachyUI\szachyUI.csproj", "{3270D5A5-D0E8-49CB-97A1-232BE3CD9B7E}"
EndProject
Global
	GlobalSection(SolutionConfigurationPlatforms) = preSolution
		Debug|Any CPU = Debug|Any CPU
		Release|Any CPU = Release|Any CPU
	EndGlobalSection
	GlobalSection(ProjectConfigurationPlatforms) = postSolution
		{0E87B744-1B74-417B-B396-87785B57D37B}.Debug|Any CPU.ActiveCfg = Debug|Any CPU
		{0E87B744-1B74-417B-B396-87785B57D37B}.Debug|Any CPU.Build.0 = Debug|Any CPU
		{0E87B744-1B74-417B-B396-87785B57D37B}.Release|Any CPU.ActiveCfg = Release|Any CPU
		{0E87B744-1B74-417B-B396-87785B57D37B}.Release|Any CPU.Build.0 = Release|Any CPU
		{3270D5A5-D0E8-49CB-97A1-232BE3CD9B7E}.Debug|Any CPU.ActiveCfg = Debug|Any CPU
		{3270D5A5-D0E8-49CB-97A1-232BE3CD9B7E}.Debug|Any CPU.Build.0 = Debug|Any CPU
		{3270D5A5-D0E8-49CB-97A1-232BE3CD9B7E}.Release|Any CPU.ActiveCfg = Release|Any CPU
		{3270D5A5-D0E8-49CB-97A1-232BE3CD9B7E}.Release|Any CPU.Build.0 = Release|Any CPU
	EndGlobalSection
	GlobalSection(SolutionProperties) = preSolution
		HideSolutionNode = FALSE
	EndGlobalSection
	GlobalSection(ExtensibilityGlobals) = postSolution
		SolutionGuid = {A4F1070C-0ACD-47B8-A13E-08BAB29E9517}
	EndGlobalSection
EndGlobal
